
Microsoft Visual Studio Solution File, Format Version 10.00
# Visual Studio 2008
Project("{8BC9CEB8-8B4A-11D0-8D11-00A0C91BC942}") = "fxLauncher", "fxLauncher\fxLauncher.vcproj", "{1F74ECEA-0BDC-49F6-835D-165A1C03AF4E}"
	ProjectSection(ProjectDependencies) = postProject
		{5C0A2E46-FC14-4523-BFA9-E3533E9FFAB2} = {5C0A2E46-FC14-4523-BFA9-E3533E9FFAB2}
	EndProjectSection
EndProject
Project("{8BC9CEB8-8B4A-11D0-8D11-00A0C91BC942}") = "fxKeyHook", "fxKeyHook\fxKeyHook.vcproj", "{5C0A2E46-FC14-4523-BFA9-E3533E9FFAB2}"
EndProject
Global
	GlobalSection(SolutionConfigurationPlatforms) = preSolution
		Debug|Win32 = Debug|Win32
		Release|Win32 = Release|Win32
	EndGlobalSection
	GlobalSection(ProjectConfigurationPlatforms) = postSolution
		{1F74ECEA-0BDC-49F6-835D-165A1C03AF4E}.Debug|Win32.ActiveCfg = Debug|Win32
		{1F74ECEA-0BDC-49F6-835D-165A1C03AF4E}.Debug|Win32.Build.0 = Debug|Win32
		{1F74ECEA-0BDC-49F6-835D-165A1C03AF4E}.Release|Win32.ActiveCfg = Release|Win32
		{1F74ECEA-0BDC-49F6-835D-165A1C03AF4E}.Release|Win32.Build.0 = Release|Win32
		{5C0A2E46-FC14-4523-BFA9-E3533E9FFAB2}.Debug|Win32.ActiveCfg = Debug|Win32
		{5C0A2E46-FC14-4523-BFA9-E3533E9FFAB2}.Debug|Win32.Build.0 = Debug|Win32
		{5C0A2E46-FC14-4523-BFA9-E3533E9FFAB2}.Release|Win32.ActiveCfg = Release|Win32
		{5C0A2E46-FC14-4523-BFA9-E3533E9FFAB2}.Release|Win32.Build.0 = Release|Win32
	EndGlobalSection
	GlobalSection(SolutionProperties) = preSolution
		HideSolutionNode = FALSE
	EndGlobalSection
EndGlobal
